
Microsoft Visual Studio Solution File, Format Version 12.00
# Visual Studio Version 17
VisualStudioVersion = 17.4.33110.190
MinimumVisualStudioVersion = 10.0.40219.1
Project("{FAE04EC0-301F-11D3-BF4B-00C04F79EFBC}") = "FTPupload", "FTPupload.csproj", "{1F472503-A06F-486B-9FA1-8CAE03B79357}"
EndProject
Global
	GlobalSection(SolutionConfigurationPlatforms) = preSolution
		Debug|Any CPU = Debug|Any CPU
		Release|Any CPU = Release|Any CPU
	EndGlobalSection
	GlobalSection(ProjectConfigurationPlatforms) = postSolution
		{1F472503-A06F-486B-9FA1-8CAE03B79357}.Debug|Any CPU.ActiveCfg = Debug|Any CPU
		{1F472503-A06F-486B-9FA1-8CAE03B79357}.Debug|Any CPU.Build.0 = Debug|Any CPU
		{1F472503-A06F-486B-9FA1-8CAE03B79357}.Release|Any CPU.ActiveCfg = Release|Any CPU
		{1F472503-A06F-486B-9FA1-8CAE03B79357}.Release|Any CPU.Build.0 = Release|Any CPU
	EndGlobalSection
	GlobalSection(SolutionProperties) = preSolution
		HideSolutionNode = FALSE
	EndGlobalSection
	GlobalSection(ExtensibilityGlobals) = postSolution
		SolutionGuid = {364B017E-5A9E-4717-AC5C-3EBBD1823C71}
	EndGlobalSection
EndGlobal
